// !$*UTF8*$!
{
	archiveVersion = 1;
	classes = {
	};
	objectVersion = 46;
	objects = {

/* Begin PBXBuildFile section */
		DCA565761C340474004AF700 /* AppDelegate.swift in Sources */ = {isa = PBXBuildFile; fileRef = DCA565751C340474004AF700 /* AppDelegate.swift */; };
		DCA565781C340474004AF700 /* ViewController.swift in Sources */ = {isa = PBXBuildFile; fileRef = DCA565771C340474004AF700 /* ViewController.swift */; };
		DCA5657B1C340474004AF700 /* Main.storyboard in Resources */ = {isa = PBXBuildFile; fileRef = DCA565791C340474004AF700 /* Main.storyboard */; };
		DCA5657D1C340474004AF700 /* Assets.xcassets in Resources */ = {isa = PBXBuildFile; fileRef = DCA5657C1C340474004AF700 /* Assets.xcassets */; };
		DCA565801C340474004AF700 /* LaunchScreen.storyboard in Resources */ = {isa = PBXBuildFile; fileRef = DCA5657E1C340474004AF700 /* LaunchScreen.storyboard */; };
		DCB9C0AF1C366BB300F4E30D /* Kazaguruma.framework in Frameworks */ = {isa = PBXBuildFile; fileRef = DCB9C0AE1C366BB300F4E30D /* Kazaguruma.framework */; };
		DCB9C0B01C366BB300F4E30D /* Kazaguruma.framework in Embed Frameworks */ = {isa = PBXBuildFile; fileRef = DCB9C0AE1C366BB300F4E30D /* Kazaguruma.framework */; settings = {ATTRIBUTES = (CodeSignOnCopy, RemoveHeadersOnCopy, ); }; };
/* End PBXBuildFile section */

/* Begin PBXCopyFilesBuildPhase section */
		DCB9C0B11C366BB400F4E30D /* Embed Frameworks */ = {
			isa = PBXCopyFilesBuildPhase;
			buildActionMask = 2147483647;
			dstPath = "";
			dstSubfolderSpec = 10;
			files = (
				DCB9C0B01C366BB300F4E30D /* Kazaguruma.framework in Embed Frameworks */,
			);
			name = "Embed Frameworks";
			runOnlyForDeploymentPostprocessing = 0;
		};
/* End PBXCopyFilesBuildPhase section */

/* Begin PBXFileReference section */
		DCA565721C340474004AF700 /* KazagurumaDemo.app */ = {isa = PBXFileReference; explicitFileType = wrapper.application; includeInIndex = 0; path = KazagurumaDemo.app; sourceTree = BUILT_PRODUCTS_DIR; };
		DCA565751C340474004AF700 /* AppDelegate.swift */ = {isa = PBXFileReference; lastKnownFileType = sourcecode.swift; path = AppDelegate.swift; sourceTree = "<group>"; };
		DCA565771C340474004AF700 /* ViewController.swift */ = {isa = PBXFileReference; lastKnownFileType = sourcecode.swift; path = ViewController.swift; sourceTree = "<group>"; };
		DCA5657A1C340474004AF700 /* Base */ = {isa = PBXFileReference; lastKnownFileType = file.storyboard; name = Base; path = Base.lproj/Main.storyboard; sourceTree = "<group>"; };
		DCA5657C1C340474004AF700 /* Assets.xcassets */ = {isa = PBXFileReference; lastKnownFileType = folder.assetcatalog; path = Assets.xcassets; sourceTree = "<group>"; };
		DCA5657F1C340474004AF700 /* Base */ = {isa = PBXFileReference; lastKnownFileType = file.storyboard; name = Base; path = Base.lproj/LaunchScreen.storyboard; sourceTree = "<group>"; };
		DCA565811C340474004AF700 /* Info.plist */ = {isa = PBXFileReference; lastKnownFileType = text.plist.xml; path = Info.plist; sourceTree = "<group>"; };
		DCB9C0AE1C366BB300F4E30D /* Kazaguruma.framework */ = {isa = PBXFileReference; explicitFileType = wrapper.framework; name = Kazaguruma.framework; path = "/Users/nakajijapan/Library/Developer/Xcode/DerivedData/Kazaguruma-duindpjouurbmkaqokalztbtbtez/Build/Products/Debug-iphoneos/Kazaguruma.framework"; sourceTree = "<absolute>"; };
/* End PBXFileReference section */

/* Begin PBXFrameworksBuildPhase section */
		DCA5656F1C340474004AF700 /* Frameworks */ = {
			isa = PBXFrameworksBuildPhase;
			buildActionMask = 2147483647;
			files = (
				DCB9C0AF1C366BB300F4E30D /* Kazaguruma.framework in Frameworks */,
			);
			runOnlyForDeploymentPostprocessing = 0;
		};
/* End PBXFrameworksBuildPhase section */

/* Begin PBXGroup section */
		DCA565691C340474004AF700 = {
			isa = PBXGroup;
			children = (
				DCB9C0AE1C366BB300F4E30D /* Kazaguruma.framework */,
				DCA565741C340474004AF700 /* KazagurumaDemo */,
				DCA565731C340474004AF700 /* Products */,
			);
			sourceTree = "<group>";
		};
		DCA565731C340474004AF700 /* Products */ = {
			isa = PBXGroup;
			children = (
				DCA565721C340474004AF700 /* KazagurumaDemo.app */,
			);
			name = Products;
			sourceTree = "<group>";
		};
		DCA565741C340474004AF700 /* KazagurumaDemo */ = {
			isa = PBXGroup;
			children = (
				DCA565751C340474004AF700 /* AppDelegate.swift */,
				DCA565771C340474004AF700 /* ViewController.swift */,
				DCA565791C340474004AF700 /* Main.storyboard */,
				DCA5657C1C340474004AF700 /* Assets.xcassets */,
				DCA5657E1C340474004AF700 /* LaunchScreen.storyboard */,
				DCA565811C340474004AF700 /* Info.plist */,
			);
			path = KazagurumaDemo;
			sourceTree = "<group>";
		};
/* End PBXGroup section */

/* Begin PBXNativeTarget section */
		DCA565711C340474004AF700 /* KazagurumaDemo */ = {
			isa = PBXNativeTarget;
			buildConfigurationList = DCA565841C340474004AF700 /* Build configuration list for PBXNativeTarget "KazagurumaDemo" */;
			buildPhases = (
				DCA5656E1C340474004AF700 /* Sources */,
				DCA5656F1C340474004AF700 /* Frameworks */,
				DCA565701C340474004AF700 /* Resources */,
				DCB9C0B11C366BB400F4E30D /* Embed Frameworks */,
			);
			buildRules = (
			);
			dependencies = (
			);
			name = KazagurumaDemo;
			productName = KazagurumaDemo;
			productReference = DCA565721C340474004AF700 /* KazagurumaDemo.app */;
			productType = "com.apple.product-type.application";
		};
/* End PBXNativeTarget section */

/* Begin PBXProject section */
		DCA5656A1C340474004AF700 /* Project object */ = {
			isa = PBXProject;
			attributes = {
				LastSwiftUpdateCheck = 0720;
				LastUpgradeCheck = 0720;
				ORGANIZATIONNAME = nakajijapan;
				TargetAttributes = {
					DCA565711C340474004AF700 = {
						CreatedOnToolsVersion = 7.2;
					};
				};
			};
			buildConfigurationList = DCA5656D1C340474004AF700 /* Build configuration list for PBXProject "KazagurumaDemo" */;
			compatibilityVersion = "Xcode 3.2";
			developmentRegion = English;
			hasScannedForEncodings = 0;
			knownRegions = (
				en,
				Base,
			);
			mainGroup = DCA565691C340474004AF700;
			productRefGroup = DCA565731C340474004AF700 /* Products */;
			projectDirPath = "";
			projectRoot = "";
			targets = (
				DCA565711C340474004AF700 /* KazagurumaDemo */,
			);
		};
/* End PBXProject section */

/* Begin PBXResourcesBuildPhase section */
		DCA565701C340474004AF700 /* Resources */ = {
			isa = PBXResourcesBuildPhase;
			buildActionMask = 2147483647;
			files = (
				DCA565801C340474004AF700 /* LaunchScreen.storyboard in Resources */,
				DCA5657D1C340474004AF700 /* Assets.xcassets in Resources */,
				DCA5657B1C340474004AF700 /* Main.storyboard in Resources */,
			);
			runOnlyForDeploymentPostprocessing = 0;
		};
/* End PBXResourcesBuildPhase section */

/* Begin PBXSourcesBuildPhase section */
		DCA5656E1C340474004AF700 /* Sources */ = {
			isa = PBXSourcesBuildPhase;
			buildActionMask = 2147483647;
			files = (
				DCA565781C340474004AF700 /* ViewController.swift in Sources */,
				DCA565761C340474004AF700 /* AppDelegate.swift in Sources */,
			);
			runOnlyForDeploymentPostprocessing = 0;
		};
/* End PBXSourcesBuildPhase section */

/* Begin PBXVariantGroup section */
		DCA565791C340474004AF700 /* Main.storyboard */ = {
			isa = PBXVariantGroup;
			children = (
				DCA5657A1C340474004AF700 /* Base */,
			);
			name = Main.storyboard;
			sourceTree = "<group>";
		};
		DCA5657E1C340474004AF700 /* LaunchScreen.storyboard */ = {
			isa = PBXVariantGroup;
			children = (
				DCA5657F1C340474004AF700 /* Base */,
			);
			name = LaunchScreen.storyboard;
			sourceTree = "<group>";
		};
/* End PBXVariantGroup section */

/* Begin XCBuildConfiguration section */
		DCA565821C340474004AF700 /* Debug */ = {
			isa = XCBuildConfiguration;
			buildSettings = {
				ALWAYS_SEARCH_USER_PATHS = NO;
				CLANG_CXX_LANGUAGE_STANDARD = "gnu++0x";
				CLANG_CXX_LIBRARY = "libc++";
				CLANG_ENABLE_MODULES = YES;
				CLANG_ENABLE_OBJC_ARC = YES;
				CLANG_WARN_BOOL_CONVERSION = YES;
				CLANG_WARN_CONSTANT_CONVERSION = YES;
				CLANG_WARN_DIRECT_OBJC_ISA_USAGE = YES_ERROR;
				CLANG_WARN_EMPTY_BODY = YES;
				CLANG_WARN_ENUM_CONVERSION = YES;
				CLANG_WARN_INT_CONVERSION = YES;
				CLANG_WARN_OBJC_ROOT_CLASS = YES_ERROR;
				CLANG_WARN_UNREACHABLE_CODE = YES;
				CLANG_WARN__DUPLICATE_METHOD_MATCH = YES;
				"CODE_SIGN_IDENTITY[sdk=iphoneos*]" = "iPhone Developer";
				COPY_PHASE_STRIP = NO;
				DEBUG_INFORMATION_FORMAT = dwarf;
				ENABLE_STRICT_OBJC_MSGSEND = YES;
				ENABLE_TESTABILITY = YES;
				GCC_C_LANGUAGE_STANDARD = gnu99;
				GCC_DYNAMIC_NO_PIC = NO;
				GCC_NO_COMMON_BLOCKS = YES;
				GCC_OPTIMIZATION_LEVEL = 0;
				GCC_PREPROCESSOR_DEFINITIONS = (
					"DEBUG=1",
					"$(inherited)",
				);
				GCC_WARN_64_TO_32_BIT_CONVERSION = YES;
				GCC_WARN_ABOUT_RETURN_TYPE = YES_ERROR;
				GCC_WARN_UNDECLARED_SELECTOR = YES;
				GCC_WARN_UNINITIALIZED_AUTOS = YES_AGGRESSIVE;
				GCC_WARN_UNUSED_FUNCTION = YES;
				GCC_WARN_UNUSED_VARIABLE = YES;
				IPHONEOS_DEPLOYMENT_TARGET = 9.2;
				MTL_ENABLE_DEBUG_INFO = YES;
				ONLY_ACTIVE_ARCH = YES;
				SDKROOT = iphoneos;
				SWIFT_OPTIMIZATION_LEVEL = "-Onone";
			};
			name = Debug;
		};
		DCA565831C340474004AF700 /* Release */ = {
			isa = XCBuildConfiguration;
			buildSettings = {
				ALWAYS_SEARCH_USER_PATHS = NO;
				CLANG_CXX_LANGUAGE_STANDARD = "gnu++0x";
				CLANG_CXX_LIBRARY = "libc++";
				CLANG_ENABLE_MODULES = YES;
				CLANG_ENABLE_OBJC_ARC = YES;
				CLANG_WARN_BOOL_CONVERSION = YES;
				CLANG_WARN_CONSTANT_CONVERSION = YES;
				CLANG_WARN_DIRECT_OBJC_ISA_USAGE = YES_ERROR;
				CLANG_WARN_EMPTY_BODY = YES;
				CLANG_WARN_ENUM_CONVERSION = YES;
				CLANG_WARN_INT_CONVERSION = YES;
				CLANG_WARN_OBJC_ROOT_CLASS = YES_ERROR;
				CLANG_WARN_UNREACHABLE_CODE = YES;
				CLANG_WARN__DUPLICATE_METHOD_MATCH = YES;
				"CODE_SIGN_IDENTITY[sdk=iphoneos*]" = "iPhone Developer";
				COPY_PHASE_STRIP = NO;
				DEBUG_INFORMATION_FORMAT = "dwarf-with-dsym";
				ENABLE_NS_ASSERTIONS = NO;
				ENABLE_STRICT_OBJC_MSGSEND = YES;
				GCC_C_LANGUAGE_STANDARD = gnu99;
				GCC_NO_COMMON_BLOCKS = YES;
				GCC_WARN_64_TO_32_BIT_CONVERSION = YES;
				GCC_WARN_ABOUT_RETURN_TYPE = YES_ERROR;
				GCC_WARN_UNDECLARED_SELECTOR = YES;
				GCC_WARN_UNINITIALIZED_AUTOS = YES_AGGRESSIVE;
				GCC_WARN_UNUSED_FUNCTION = YES;
				GCC_WARN_UNUSED_VARIABLE = YES;
				IPHONEOS_DEPLOYMENT_TARGET = 9.2;
				MTL_ENABLE_DEBUG_INFO = NO;
				SDKROOT = iphoneos;
				VALIDATE_PRODUCT = YES;
			};
			name = Release;
		};
		DCA565851C340474004AF700 /* Debug */ = {
			isa = XCBuildConfiguration;
			buildSettings = {
				ASSETCATALOG_COMPILER_APPICON_NAME = AppIcon;
				INFOPLIST_FILE = KazagurumaDemo/Info.plist;
				LD_RUNPATH_SEARCH_PATHS = "$(inherited) @executable_path/Frameworks";
				PRODUCT_BUNDLE_IDENTIFIER = net.nakajijapan.KazagurumaDemo;
				PRODUCT_NAME = "$(TARGET_NAME)";
			};
			name = Debug;
		};
		DCA565861C340474004AF700 /* Release */ = {
			isa = XCBuildConfiguration;
			buildSettings = {
				ASSETCATALOG_COMPILER_APPICON_NAME = AppIcon;
				INFOPLIST_FILE = KazagurumaDemo/Info.plist;
				LD_RUNPATH_SEARCH_PATHS = "$(inherited) @executable_path/Frameworks";
				PRODUCT_BUNDLE_IDENTIFIER = net.nakajijapan.KazagurumaDemo;
				PRODUCT_NAME = "$(TARGET_NAME)";
			};
			name = Release;
		};
/* End XCBuildConfiguration section */

/* Begin XCConfigurationList section */
		DCA5656D1C340474004AF700 /* Build configuration list for PBXProject "KazagurumaDemo" */ = {
			isa = XCConfigurationList;
			buildConfigurations = (
				DCA565821C340474004AF700 /* Debug */,
				DCA565831C340474004AF700 /* Release */,
			);
			defaultConfigurationIsVisible = 0;
			defaultConfigurationName = Release;
		};
		DCA565841C340474004AF700 /* Build configuration list for PBXNativeTarget "KazagurumaDemo" */ = {
			isa = XCConfigurationList;
			buildConfigurations = (
				DCA565851C340474004AF700 /* Debug */,
				DCA565861C340474004AF700 /* Release */,
			);
			defaultConfigurationIsVisible = 0;
			defaultConfigurationName = Release;
		};
/* End XCConfigurationList section */
	};
	rootObject = DCA5656A1C340474004AF700 /* Project object */;
}
